
Microsoft Visual Studio Solution File, Format Version 12.00
# Visual Studio Version 17
VisualStudioVersion = 17.7.34031.279
MinimumVisualStudioVersion = 10.0.40219.1
Project("{9A19103F-16F7-4668-BE54-9A1E7A4F7556}") = "MTLTestApp", "MTLTestApp\MTLTestApp.csproj", "{FA6DF03D-93DF-48F7-86DC-7D6AB2C2010A}"
EndProject
Project("{9A19103F-16F7-4668-BE54-9A1E7A4F7556}") = "MTLTestUI", "MTLTestUI\MTLTestUI.csproj", "{3F499388-D582-4DE9-BC55-91ADA86733DE}"
EndProject
Project("{9A19103F-16F7-4668-BE54-9A1E7A4F7556}") = "MTLTestUI.Desktop", "MTLTestUI.Desktop\MTLTestUI.Desktop.csproj", "{DEADB67E-FFD9-44C4-8B94-DA3CF169B3E3}"
EndProject
Project("{FAE04EC0-301F-11D3-BF4B-00C04F79EFBC}") = "MeshLib", "../GeomLibrary\MeshLib\MeshLib.csproj", "{BE8D70D6-4C5D-4F4C-A192-D2EB273B481F}"
EndProject
Project("{FAE04EC0-301F-11D3-BF4B-00C04F79EFBC}") = "GeometryLib", "../GeomLibrary\GeometryLib\GeometryLib.csproj", "{EDF73F06-386F-4221-BB3D-2B0B94E9F361}"
EndProject
Project("{FAE04EC0-301F-11D3-BF4B-00C04F79EFBC}") = "GeometryLibTests", "../GeomLibrary\GeometryLibTests\GeometryLibTests.csproj", "{1AFECFD6-747D-4E9B-9492-9F40F643BCA4}"
EndProject
Project("{FAE04EC0-301F-11D3-BF4B-00C04F79EFBC}") = "TfmrLib", "..\TfmrLibrary\TfmrLib.csproj", "{9159828D-B46C-6979-ED63-8A8B2BF6F86D}"
EndProject
Global
	GlobalSection(SolutionConfigurationPlatforms) = preSolution
		Debug|Any CPU = Debug|Any CPU
		Debug|x64 = Debug|x64
		Debug|x86 = Debug|x86
		Release|Any CPU = Release|Any CPU
		Release|x64 = Release|x64
		Release|x86 = Release|x86
	EndGlobalSection
	GlobalSection(ProjectConfigurationPlatforms) = postSolution
		{FA6DF03D-93DF-48F7-86DC-7D6AB2C2010A}.Debug|Any CPU.ActiveCfg = Debug|Any CPU
		{FA6DF03D-93DF-48F7-86DC-7D6AB2C2010A}.Debug|Any CPU.Build.0 = Debug|Any CPU
		{FA6DF03D-93DF-48F7-86DC-7D6AB2C2010A}.Debug|x64.ActiveCfg = Debug|Any CPU
		{FA6DF03D-93DF-48F7-86DC-7D6AB2C2010A}.Debug|x64.Build.0 = Debug|Any CPU
		{FA6DF03D-93DF-48F7-86DC-7D6AB2C2010A}.Debug|x86.ActiveCfg = Debug|Any CPU
		{FA6DF03D-93DF-48F7-86DC-7D6AB2C2010A}.Debug|x86.Build.0 = Debug|Any CPU
		{FA6DF03D-93DF-48F7-86DC-7D6AB2C2010A}.Release|Any CPU.ActiveCfg = Release|Any CPU
		{FA6DF03D-93DF-48F7-86DC-7D6AB2C2010A}.Release|Any CPU.Build.0 = Release|Any CPU
		{FA6DF03D-93DF-48F7-86DC-7D6AB2C2010A}.Release|x64.ActiveCfg = Release|Any CPU
		{FA6DF03D-93DF-48F7-86DC-7D6AB2C2010A}.Release|x64.Build.0 = Release|Any CPU
		{FA6DF03D-93DF-48F7-86DC-7D6AB2C2010A}.Release|x86.ActiveCfg = Release|Any CPU
		{FA6DF03D-93DF-48F7-86DC-7D6AB2C2010A}.Release|x86.Build.0 = Release|Any CPU
		{3F499388-D582-4DE9-BC55-91ADA86733DE}.Debug|Any CPU.ActiveCfg = Debug|Any CPU
		{3F499388-D582-4DE9-BC55-91ADA86733DE}.Debug|Any CPU.Build.0 = Debug|Any CPU
		{3F499388-D582-4DE9-BC55-91ADA86733DE}.Debug|x64.ActiveCfg = Debug|Any CPU
		{3F499388-D582-4DE9-BC55-91ADA86733DE}.Debug|x64.Build.0 = Debug|Any CPU
		{3F499388-D582-4DE9-BC55-91ADA86733DE}.Debug|x86.ActiveCfg = Debug|Any CPU
		{3F499388-D582-4DE9-BC55-91ADA86733DE}.Debug|x86.Build.0 = Debug|Any CPU
		{3F499388-D582-4DE9-BC55-91ADA86733DE}.Release|Any CPU.ActiveCfg = Release|Any CPU
		{3F499388-D582-4DE9-BC55-91ADA86733DE}.Release|Any CPU.Build.0 = Release|Any CPU
		{3F499388-D582-4DE9-BC55-91ADA86733DE}.Release|x64.ActiveCfg = Release|Any CPU
		{3F499388-D582-4DE9-BC55-91ADA86733DE}.Release|x64.Build.0 = Release|Any CPU
		{3F499388-D582-4DE9-BC55-91ADA86733DE}.Release|x86.ActiveCfg = Release|Any CPU
		{3F499388-D582-4DE9-BC55-91ADA86733DE}.Release|x86.Build.0 = Release|Any CPU
		{DEADB67E-FFD9-44C4-8B94-DA3CF169B3E3}.Debug|Any CPU.ActiveCfg = Debug|Any CPU
		{DEADB67E-FFD9-44C4-8B94-DA3CF169B3E3}.Debug|Any CPU.Build.0 = Debug|Any CPU
		{DEADB67E-FFD9-44C4-8B94-DA3CF169B3E3}.Debug|x64.ActiveCfg = Debug|Any CPU
		{DEADB67E-FFD9-44C4-8B94-DA3CF169B3E3}.Debug|x64.Build.0 = Debug|Any CPU
		{DEADB67E-FFD9-44C4-8B94-DA3CF169B3E3}.Debug|x86.ActiveCfg = Debug|Any CPU
		{DEADB67E-FFD9-44C4-8B94-DA3CF169B3E3}.Debug|x86.Build.0 = Debug|Any CPU
		{DEADB67E-FFD9-44C4-8B94-DA3CF169B3E3}.Release|Any CPU.ActiveCfg = Release|Any CPU
		{DEADB67E-FFD9-44C4-8B94-DA3CF169B3E3}.Release|Any CPU.Build.0 = Release|Any CPU
		{DEADB67E-FFD9-44C4-8B94-DA3CF169B3E3}.Release|x64.ActiveCfg = Release|Any CPU
		{DEADB67E-FFD9-44C4-8B94-DA3CF169B3E3}.Release|x64.Build.0 = Release|Any CPU
		{DEADB67E-FFD9-44C4-8B94-DA3CF169B3E3}.Release|x86.ActiveCfg = Release|Any CPU
		{DEADB67E-FFD9-44C4-8B94-DA3CF169B3E3}.Release|x86.Build.0 = Release|Any CPU
		{BE8D70D6-4C5D-4F4C-A192-D2EB273B481F}.Debug|Any CPU.ActiveCfg = Debug|Any CPU
		{BE8D70D6-4C5D-4F4C-A192-D2EB273B481F}.Debug|Any CPU.Build.0 = Debug|Any CPU
		{BE8D70D6-4C5D-4F4C-A192-D2EB273B481F}.Debug|x64.ActiveCfg = Debug|Any CPU
		{BE8D70D6-4C5D-4F4C-A192-D2EB273B481F}.Debug|x64.Build.0 = Debug|Any CPU
		{BE8D70D6-4C5D-4F4C-A192-D2EB273B481F}.Debug|x86.ActiveCfg = Debug|Any CPU
		{BE8D70D6-4C5D-4F4C-A192-D2EB273B481F}.Debug|x86.Build.0 = Debug|Any CPU
		{BE8D70D6-4C5D-4F4C-A192-D2EB273B481F}.Release|Any CPU.ActiveCfg = Release|Any CPU
		{BE8D70D6-4C5D-4F4C-A192-D2EB273B481F}.Release|Any CPU.Build.0 = Release|Any CPU
		{BE8D70D6-4C5D-4F4C-A192-D2EB273B481F}.Release|x64.ActiveCfg = Release|Any CPU
		{BE8D70D6-4C5D-4F4C-A192-D2EB273B481F}.Release|x64.Build.0 = Release|Any CPU
		{BE8D70D6-4C5D-4F4C-A192-D2EB273B481F}.Release|x86.ActiveCfg = Release|Any CPU
		{BE8D70D6-4C5D-4F4C-A192-D2EB273B481F}.Release|x86.Build.0 = Release|Any CPU
		{EDF73F06-386F-4221-BB3D-2B0B94E9F361}.Debug|Any CPU.ActiveCfg = Debug|Any CPU
		{EDF73F06-386F-4221-BB3D-2B0B94E9F361}.Debug|Any CPU.Build.0 = Debug|Any CPU
		{EDF73F06-386F-4221-BB3D-2B0B94E9F361}.Debug|x64.ActiveCfg = Debug|Any CPU
		{EDF73F06-386F-4221-BB3D-2B0B94E9F361}.Debug|x64.Build.0 = Debug|Any CPU
		{EDF73F06-386F-4221-BB3D-2B0B94E9F361}.Debug|x86.ActiveCfg = Debug|Any CPU
		{EDF73F06-386F-4221-BB3D-2B0B94E9F361}.Debug|x86.Build.0 = Debug|Any CPU
		{EDF73F06-386F-4221-BB3D-2B0B94E9F361}.Release|Any CPU.ActiveCfg = Release|Any CPU
		{EDF73F06-386F-4221-BB3D-2B0B94E9F361}.Release|Any CPU.Build.0 = Release|Any CPU
		{EDF73F06-386F-4221-BB3D-2B0B94E9F361}.Release|x64.ActiveCfg = Release|Any CPU
		{EDF73F06-386F-4221-BB3D-2B0B94E9F361}.Release|x64.Build.0 = Release|Any CPU
		{EDF73F06-386F-4221-BB3D-2B0B94E9F361}.Release|x86.ActiveCfg = Release|Any CPU
		{EDF73F06-386F-4221-BB3D-2B0B94E9F361}.Release|x86.Build.0 = Release|Any CPU
		{1AFECFD6-747D-4E9B-9492-9F40F643BCA4}.Debug|Any CPU.ActiveCfg = Debug|Any CPU
		{1AFECFD6-747D-4E9B-9492-9F40F643BCA4}.Debug|Any CPU.Build.0 = Debug|Any CPU
		{1AFECFD6-747D-4E9B-9492-9F40F643BCA4}.Debug|x64.ActiveCfg = Debug|Any CPU
		{1AFECFD6-747D-4E9B-9492-9F40F643BCA4}.Debug|x64.Build.0 = Debug|Any CPU
		{1AFECFD6-747D-4E9B-9492-9F40F643BCA4}.Debug|x86.ActiveCfg = Debug|Any CPU
		{1AFECFD6-747D-4E9B-9492-9F40F643BCA4}.Debug|x86.Build.0 = Debug|Any CPU
		{1AFECFD6-747D-4E9B-9492-9F40F643BCA4}.Release|Any CPU.ActiveCfg = Release|Any CPU
		{1AFECFD6-747D-4E9B-9492-9F40F643BCA4}.Release|Any CPU.Build.0 = Release|Any CPU
		{1AFECFD6-747D-4E9B-9492-9F40F643BCA4}.Release|x64.ActiveCfg = Release|Any CPU
		{1AFECFD6-747D-4E9B-9492-9F40F643BCA4}.Release|x64.Build.0 = Release|Any CPU
		{1AFECFD6-747D-4E9B-9492-9F40F643BCA4}.Release|x86.ActiveCfg = Release|Any CPU
		{1AFECFD6-747D-4E9B-9492-9F40F643BCA4}.Release|x86.Build.0 = Release|Any CPU
		{9159828D-B46C-6979-ED63-8A8B2BF6F86D}.Debug|Any CPU.ActiveCfg = Debug|Any CPU
		{9159828D-B46C-6979-ED63-8A8B2BF6F86D}.Debug|Any CPU.Build.0 = Debug|Any CPU
		{9159828D-B46C-6979-ED63-8A8B2BF6F86D}.Debug|x64.ActiveCfg = Debug|Any CPU
		{9159828D-B46C-6979-ED63-8A8B2BF6F86D}.Debug|x64.Build.0 = Debug|Any CPU
		{9159828D-B46C-6979-ED63-8A8B2BF6F86D}.Debug|x86.ActiveCfg = Debug|Any CPU
		{9159828D-B46C-6979-ED63-8A8B2BF6F86D}.Debug|x86.Build.0 = Debug|Any CPU
		{9159828D-B46C-6979-ED63-8A8B2BF6F86D}.Release|Any CPU.ActiveCfg = Release|Any CPU
		{9159828D-B46C-6979-ED63-8A8B2BF6F86D}.Release|Any CPU.Build.0 = Release|Any CPU
		{9159828D-B46C-6979-ED63-8A8B2BF6F86D}.Release|x64.ActiveCfg = Release|Any CPU
		{9159828D-B46C-6979-ED63-8A8B2BF6F86D}.Release|x64.Build.0 = Release|Any CPU
		{9159828D-B46C-6979-ED63-8A8B2BF6F86D}.Release|x86.ActiveCfg = Release|Any CPU
		{9159828D-B46C-6979-ED63-8A8B2BF6F86D}.Release|x86.Build.0 = Release|Any CPU
	EndGlobalSection
	GlobalSection(SolutionProperties) = preSolution
		HideSolutionNode = FALSE
	EndGlobalSection
	GlobalSection(ExtensibilityGlobals) = postSolution
		SolutionGuid = {BC8FAC90-BF21-4460-AF2F-8C4B603BA889}
	EndGlobalSection
EndGlobal
